
Microsoft Visual Studio Solution File, Format Version 12.00
# Visual Studio Version 17
VisualStudioVersion = 17.4.33213.308
MinimumVisualStudioVersion = 10.0.40219.1
Project("{FAE04EC0-301F-11D3-BF4B-00C04F79EFBC}") = "MicroserviceT1", "MicroserviceT1\MicroserviceT1.csproj", "{8F659684-89A8-4F32-B36E-36F7614EB082}"
EndProject
Global
	GlobalSection(SolutionConfigurationPlatforms) = preSolution
		Debug|Any CPU = Debug|Any CPU
		Release|Any CPU = Release|Any CPU
	EndGlobalSection
	GlobalSection(ProjectConfigurationPlatforms) = postSolution
		{8F659684-89A8-4F32-B36E-36F7614EB082}.Debug|Any CPU.ActiveCfg = Debug|Any CPU
		{8F659684-89A8-4F32-B36E-36F7614EB082}.Debug|Any CPU.Build.0 = Debug|Any CPU
		{8F659684-89A8-4F32-B36E-36F7614EB082}.Release|Any CPU.ActiveCfg = Release|Any CPU
		{8F659684-89A8-4F32-B36E-36F7614EB082}.Release|Any CPU.Build.0 = Release|Any CPU
	EndGlobalSection
	GlobalSection(SolutionProperties) = preSolution
		HideSolutionNode = FALSE
	EndGlobalSection
	GlobalSection(ExtensibilityGlobals) = postSolution
		SolutionGuid = {DFD78E28-D56C-422E-81CC-010443BF66D6}
	EndGlobalSection
EndGlobal
